
Microsoft Visual Studio Solution File, Format Version 12.00
# Visual Studio Version 16
VisualStudioVersion = 16.0.31205.134
MinimumVisualStudioVersion = 10.0.40219.1
Project("{FAE04EC0-301F-11D3-BF4B-00C04F79EFBC}") = "MiniBron.API", "MiniBron.API\MiniBron.API.csproj", "{B5119603-51FE-467D-B539-B8457628272B}"
EndProject
Project("{FAE04EC0-301F-11D3-BF4B-00C04F79EFBC}") = "MiniBron.Application", "MiniBron.Application\MiniBron.Application.csproj", "{5D277A05-F2E0-4B99-B6EC-85FAF66D46EA}"
EndProject
Project("{FAE04EC0-301F-11D3-BF4B-00C04F79EFBC}") = "MiniBron.Common", "MiniBron.Common\MiniBron.Common.csproj", "{12007A91-67EE-476D-BCF5-B14BA197AB22}"
EndProject
Project("{FAE04EC0-301F-11D3-BF4B-00C04F79EFBC}") = "MiniBron.Domain", "MiniBron.Domain\MiniBron.Domain.csproj", "{796F3C9C-DFCE-4FE2-B50A-C37108D2A346}"
EndProject
Project("{FAE04EC0-301F-11D3-BF4B-00C04F79EFBC}") = "MiniBron.EntityFramework", "MiniBron.EntityFramework\MiniBron.EntityFramework.csproj", "{20AC1EB6-819E-4662-A388-F3CCBD13F53C}"
EndProject
Global
	GlobalSection(SolutionConfigurationPlatforms) = preSolution
		Debug|Any CPU = Debug|Any CPU
		Release|Any CPU = Release|Any CPU
	EndGlobalSection
	GlobalSection(ProjectConfigurationPlatforms) = postSolution
		{B5119603-51FE-467D-B539-B8457628272B}.Debug|Any CPU.ActiveCfg = Debug|Any CPU
		{B5119603-51FE-467D-B539-B8457628272B}.Debug|Any CPU.Build.0 = Debug|Any CPU
		{B5119603-51FE-467D-B539-B8457628272B}.Release|Any CPU.ActiveCfg = Release|Any CPU
		{B5119603-51FE-467D-B539-B8457628272B}.Release|Any CPU.Build.0 = Release|Any CPU
		{5D277A05-F2E0-4B99-B6EC-85FAF66D46EA}.Debug|Any CPU.ActiveCfg = Debug|Any CPU
		{5D277A05-F2E0-4B99-B6EC-85FAF66D46EA}.Debug|Any CPU.Build.0 = Debug|Any CPU
		{5D277A05-F2E0-4B99-B6EC-85FAF66D46EA}.Release|Any CPU.ActiveCfg = Release|Any CPU
		{5D277A05-F2E0-4B99-B6EC-85FAF66D46EA}.Release|Any CPU.Build.0 = Release|Any CPU
		{12007A91-67EE-476D-BCF5-B14BA197AB22}.Debug|Any CPU.ActiveCfg = Debug|Any CPU
		{12007A91-67EE-476D-BCF5-B14BA197AB22}.Debug|Any CPU.Build.0 = Debug|Any CPU
		{12007A91-67EE-476D-BCF5-B14BA197AB22}.Release|Any CPU.ActiveCfg = Release|Any CPU
		{12007A91-67EE-476D-BCF5-B14BA197AB22}.Release|Any CPU.Build.0 = Release|Any CPU
		{796F3C9C-DFCE-4FE2-B50A-C37108D2A346}.Debug|Any CPU.ActiveCfg = Debug|Any CPU
		{796F3C9C-DFCE-4FE2-B50A-C37108D2A346}.Debug|Any CPU.Build.0 = Debug|Any CPU
		{796F3C9C-DFCE-4FE2-B50A-C37108D2A346}.Release|Any CPU.ActiveCfg = Release|Any CPU
		{796F3C9C-DFCE-4FE2-B50A-C37108D2A346}.Release|Any CPU.Build.0 = Release|Any CPU
		{20AC1EB6-819E-4662-A388-F3CCBD13F53C}.Debug|Any CPU.ActiveCfg = Debug|Any CPU
		{20AC1EB6-819E-4662-A388-F3CCBD13F53C}.Debug|Any CPU.Build.0 = Debug|Any CPU
		{20AC1EB6-819E-4662-A388-F3CCBD13F53C}.Release|Any CPU.ActiveCfg = Release|Any CPU
		{20AC1EB6-819E-4662-A388-F3CCBD13F53C}.Release|Any CPU.Build.0 = Release|Any CPU
	EndGlobalSection
	GlobalSection(SolutionProperties) = preSolution
		HideSolutionNode = FALSE
	EndGlobalSection
	GlobalSection(ExtensibilityGlobals) = postSolution
		SolutionGuid = {411C3302-2F1A-42B0-8561-56F6E59B94C2}
	EndGlobalSection
EndGlobal
